
Microsoft Visual Studio Solution File, Format Version 12.00
# Visual Studio 15
VisualStudioVersion = 15.0.28010.2016
MinimumVisualStudioVersion = 10.0.40219.1
Project("{FAE04EC0-301F-11D3-BF4B-00C04F79EFBC}") = "DutchTreat", "DutchTreat\DutchTreat.csproj", "{C83EDD3A-E43E-4CDB-9AE3-3B2A1DD65575}"
EndProject
Global
	GlobalSection(SolutionConfigurationPlatforms) = preSolution
		Debug|Any CPU = Debug|Any CPU
		Release|Any CPU = Release|Any CPU
	EndGlobalSection
	GlobalSection(ProjectConfigurationPlatforms) = postSolution
		{C83EDD3A-E43E-4CDB-9AE3-3B2A1DD65575}.Debug|Any CPU.ActiveCfg = Debug|Any CPU
		{C83EDD3A-E43E-4CDB-9AE3-3B2A1DD65575}.Debug|Any CPU.Build.0 = Debug|Any CPU
		{C83EDD3A-E43E-4CDB-9AE3-3B2A1DD65575}.Release|Any CPU.ActiveCfg = Release|Any CPU
		{C83EDD3A-E43E-4CDB-9AE3-3B2A1DD65575}.Release|Any CPU.Build.0 = Release|Any CPU
	EndGlobalSection
	GlobalSection(SolutionProperties) = preSolution
		HideSolutionNode = FALSE
	EndGlobalSection
	GlobalSection(ExtensibilityGlobals) = postSolution
		SolutionGuid = {D664BF87-9E07-46F1-8963-99124D25335E}
	EndGlobalSection
EndGlobal
